// !$*UTF8*$!
{
	archiveVersion = 1;
	classes = {
	};
	objectVersion = 51;
	objects = {

/* Begin PBXBuildFile section */
		5700629922E3BB400032EFAB /* LogIn.swift in Sources */ = {isa = PBXBuildFile; fileRef = 5700629822E3BB400032EFAB /* LogIn.swift */; };
		5700629B22E3BB590032EFAB /* SignUp.swift in Sources */ = {isa = PBXBuildFile; fileRef = 5700629A22E3BB590032EFAB /* SignUp.swift */; };
		571C2F3F22E41CB6001D4438 /* GeneralSettings.swift in Sources */ = {isa = PBXBuildFile; fileRef = 571C2F3E22E41CB6001D4438 /* GeneralSettings.swift */; };
		576FCFB322E4B82F00C346E4 /* CamperInfoPage.swift in Sources */ = {isa = PBXBuildFile; fileRef = 576FCFB222E4B82F00C346E4 /* CamperInfoPage.swift */; };
		578AF9DC22D41F2E007B42A9 /* Product.swift in Sources */ = {isa = PBXBuildFile; fileRef = 578AF9DB22D41F2E007B42A9 /* Product.swift */; };
		578AF9DE22D41FA0007B42A9 /* ProductData.swift in Sources */ = {isa = PBXBuildFile; fileRef = 578AF9DD22D41FA0007B42A9 /* ProductData.swift */; };
		578AF9E022D4201E007B42A9 /* ProductCell.swift in Sources */ = {isa = PBXBuildFile; fileRef = 578AF9DF22D4201E007B42A9 /* ProductCell.swift */; };
		578AF9E422D428AF007B42A9 /* Capital_Cycle.xcdatamodeld in Sources */ = {isa = PBXBuildFile; fileRef = 578AF9E222D428AF007B42A9 /* Capital_Cycle.xcdatamodeld */; };
		5795C62422EA6CC200A0A171 /* TestForConnection.swift in Sources */ = {isa = PBXBuildFile; fileRef = 5795C62322EA6CC200A0A171 /* TestForConnection.swift */; };
		579F1A2223BBB3FB003115FD /* GoogleService-Info.plist in Resources */ = {isa = PBXBuildFile; fileRef = 579F1A2123BBB3FB003115FD /* GoogleService-Info.plist */; };
		579F1A2423BBD32F003115FD /* AuthenticationServices.framework in Frameworks */ = {isa = PBXBuildFile; fileRef = 579F1A2323BBD32F003115FD /* AuthenticationServices.framework */; };
		579F1A2823BC2666003115FD /* ViewFunctions.swift in Sources */ = {isa = PBXBuildFile; fileRef = 579F1A2723BC2666003115FD /* ViewFunctions.swift */; };
		57A3455822D2AA080070898F /* AppDelegate.swift in Sources */ = {isa = PBXBuildFile; fileRef = 57A3455722D2AA080070898F /* AppDelegate.swift */; };
		57A3455A22D2AA080070898F /* SceneDelegate.swift in Sources */ = {isa = PBXBuildFile; fileRef = 57A3455922D2AA080070898F /* SceneDelegate.swift */; };
		57A3455F22D2AA080070898F /* Main.storyboard in Resources */ = {isa = PBXBuildFile; fileRef = 57A3455D22D2AA080070898F /* Main.storyboard */; };
		57A3456122D2AA0B0070898F /* Assets.xcassets in Resources */ = {isa = PBXBuildFile; fileRef = 57A3456022D2AA0B0070898F /* Assets.xcassets */; };
		57A3456422D2AA0B0070898F /* LaunchScreen.storyboard in Resources */ = {isa = PBXBuildFile; fileRef = 57A3456222D2AA0B0070898F /* LaunchScreen.storyboard */; };
		57A3457422D2AEBD0070898F /* PageVC.swift in Sources */ = {isa = PBXBuildFile; fileRef = 57A3457322D2AEBD0070898F /* PageVC.swift */; };
		57A3457822D2BB5B0070898F /* OverviewPage.swift in Sources */ = {isa = PBXBuildFile; fileRef = 57A3457722D2BB5B0070898F /* OverviewPage.swift */; };
		57A3457A22D2BB970070898F /* SchedulePage.swift in Sources */ = {isa = PBXBuildFile; fileRef = 57A3457922D2BB970070898F /* SchedulePage.swift */; };
		57A3457C22D2BBB90070898F /* StorePage.swift in Sources */ = {isa = PBXBuildFile; fileRef = 57A3457B22D2BBB90070898F /* StorePage.swift */; };
		57AFA1B022F77F5100C2988C /* VerifyUser.swift in Sources */ = {isa = PBXBuildFile; fileRef = 57AFA1AF22F77F5100C2988C /* VerifyUser.swift */; };
		57AFFD652300FAF000B6CD7B /* VerifyCounselor.swift in Sources */ = {isa = PBXBuildFile; fileRef = 57AFFD642300FAF000B6CD7B /* VerifyCounselor.swift */; };
		57B57CEA23B9673400841442 /* FirebaseFunctions.swift in Sources */ = {isa = PBXBuildFile; fileRef = 57B57CE923B9673400841442 /* FirebaseFunctions.swift */; };
		57B7FCA523064A0200D97E3A /* AccountSettings.swift in Sources */ = {isa = PBXBuildFile; fileRef = 57B7FCA423064A0200D97E3A /* AccountSettings.swift */; };
		57CB68592306ECAC00570D86 /* UserNavigationController.swift in Sources */ = {isa = PBXBuildFile; fileRef = 57CB68582306ECAC00570D86 /* UserNavigationController.swift */; };
		57DE34E223B2D19A00221F53 /* CustomUI.swift in Sources */ = {isa = PBXBuildFile; fileRef = 57DE34E123B2D19A00221F53 /* CustomUI.swift */; };
		57E226F723B5428E007DF227 /* OneMoreStep.swift in Sources */ = {isa = PBXBuildFile; fileRef = 57E226F623B5428E007DF227 /* OneMoreStep.swift */; };
		57E226FD23B84F8A007DF227 /* FirebaseUser.swift in Sources */ = {isa = PBXBuildFile; fileRef = 57E226FC23B84F8A007DF227 /* FirebaseUser.swift */; };
		57ED6A2F22D578A200E3A362 /* FAQPage.swift in Sources */ = {isa = PBXBuildFile; fileRef = 57ED6A2E22D578A200E3A362 /* FAQPage.swift */; };
		587C376EC4CB7518541634C2 /* Pods_Capital_Cycle.framework in Frameworks */ = {isa = PBXBuildFile; fileRef = DEF63791B26DFB42FF56342B /* Pods_Capital_Cycle.framework */; };
/* End PBXBuildFile section */

/* Begin PBXFileReference section */
		0B759B91042E916978C852B7 /* Pods-Capital Cycle.release.xcconfig */ = {isa = PBXFileReference; includeInIndex = 1; lastKnownFileType = text.xcconfig; name = "Pods-Capital Cycle.release.xcconfig"; path = "Target Support Files/Pods-Capital Cycle/Pods-Capital Cycle.release.xcconfig"; sourceTree = "<group>"; };
		3ED851B8F1F29AADABBA5620 /* Pods-Capital Cycle.debug.xcconfig */ = {isa = PBXFileReference; includeInIndex = 1; lastKnownFileType = text.xcconfig; name = "Pods-Capital Cycle.debug.xcconfig"; path = "Target Support Files/Pods-Capital Cycle/Pods-Capital Cycle.debug.xcconfig"; sourceTree = "<group>"; };
		5700629822E3BB400032EFAB /* LogIn.swift */ = {isa = PBXFileReference; lastKnownFileType = sourcecode.swift; path = LogIn.swift; sourceTree = "<group>"; };
		5700629A22E3BB590032EFAB /* SignUp.swift */ = {isa = PBXFileReference; lastKnownFileType = sourcecode.swift; path = SignUp.swift; sourceTree = "<group>"; };
		571C2F3E22E41CB6001D4438 /* GeneralSettings.swift */ = {isa = PBXFileReference; lastKnownFileType = sourcecode.swift; path = GeneralSettings.swift; sourceTree = "<group>"; };
		573839E0239DDDB4006AB022 /* Capital Cycle.entitlements */ = {isa = PBXFileReference; lastKnownFileType = text.plist.entitlements; path = "Capital Cycle.entitlements"; sourceTree = "<group>"; };
		576FCFB222E4B82F00C346E4 /* CamperInfoPage.swift */ = {isa = PBXFileReference; lastKnownFileType = sourcecode.swift; name = CamperInfoPage.swift; path = "../../../../../../../System/Volumes/Data/Users/cadenkowalski/Desktop/Xcode Projects/Capital Cycle/Capital Cycle/Controller/CamperInfoPage.swift"; sourceTree = "<group>"; };
		578AF9DB22D41F2E007B42A9 /* Product.swift */ = {isa = PBXFileReference; lastKnownFileType = sourcecode.swift; path = Product.swift; sourceTree = "<group>"; };
		578AF9DD22D41FA0007B42A9 /* ProductData.swift */ = {isa = PBXFileReference; lastKnownFileType = sourcecode.swift; path = ProductData.swift; sourceTree = "<group>"; };
		578AF9DF22D4201E007B42A9 /* ProductCell.swift */ = {isa = PBXFileReference; lastKnownFileType = sourcecode.swift; path = ProductCell.swift; sourceTree = "<group>"; };
		578AF9E322D428AF007B42A9 /* Capital_Cycle.xcdatamodel */ = {isa = PBXFileReference; lastKnownFileType = wrapper.xcdatamodel; path = Capital_Cycle.xcdatamodel; sourceTree = "<group>"; };
		5795C62322EA6CC200A0A171 /* TestForConnection.swift */ = {isa = PBXFileReference; lastKnownFileType = sourcecode.swift; name = TestForConnection.swift; path = "../../../../../../../System/Volumes/Data/Users/cadenkowalski/Desktop/Xcode Projects/Capital Cycle/Capital Cycle/Model/TestForConnection.swift"; sourceTree = "<group>"; };
		579F1A2123BBB3FB003115FD /* GoogleService-Info.plist */ = {isa = PBXFileReference; fileEncoding = 4; lastKnownFileType = text.plist.xml; path = "GoogleService-Info.plist"; sourceTree = "<group>"; };
		579F1A2323BBD32F003115FD /* AuthenticationServices.framework */ = {isa = PBXFileReference; lastKnownFileType = wrapper.framework; name = AuthenticationServices.framework; path = System/Library/Frameworks/AuthenticationServices.framework; sourceTree = SDKROOT; };
		579F1A2723BC2666003115FD /* ViewFunctions.swift */ = {isa = PBXFileReference; lastKnownFileType = sourcecode.swift; path = ViewFunctions.swift; sourceTree = "<group>"; };
		57A3455422D2AA080070898F /* Capital Cycle.app */ = {isa = PBXFileReference; explicitFileType = wrapper.application; includeInIndex = 0; path = "Capital Cycle.app"; sourceTree = BUILT_PRODUCTS_DIR; };
		57A3455722D2AA080070898F /* AppDelegate.swift */ = {isa = PBXFileReference; lastKnownFileType = sourcecode.swift; path = AppDelegate.swift; sourceTree = "<group>"; };
		57A3455922D2AA080070898F /* SceneDelegate.swift */ = {isa = PBXFileReference; lastKnownFileType = sourcecode.swift; name = SceneDelegate.swift; path = ../SceneDelegate.swift; sourceTree = "<group>"; };
		57A3455E22D2AA080070898F /* Base */ = {isa = PBXFileReference; lastKnownFileType = file.storyboard; name = Base; path = Base.lproj/Main.storyboard; sourceTree = "<group>"; };
		57A3456022D2AA0B0070898F /* Assets.xcassets */ = {isa = PBXFileReference; lastKnownFileType = folder.assetcatalog; path = Assets.xcassets; sourceTree = "<group>"; };
		57A3456322D2AA0B0070898F /* Base */ = {isa = PBXFileReference; lastKnownFileType = file.storyboard; name = Base; path = Base.lproj/LaunchScreen.storyboard; sourceTree = "<group>"; };
		57A3456522D2AA0B0070898F /* Info.plist */ = {isa = PBXFileReference; lastKnownFileType = text.plist.xml; name = Info.plist; path = ../Info.plist; sourceTree = "<group>"; };
		57A3457322D2AEBD0070898F /* PageVC.swift */ = {isa = PBXFileReference; fileEncoding = 4; lastKnownFileType = sourcecode.swift; path = PageVC.swift; sourceTree = "<group>"; };
		57A3457722D2BB5B0070898F /* OverviewPage.swift */ = {isa = PBXFileReference; lastKnownFileType = sourcecode.swift; path = OverviewPage.swift; sourceTree = "<group>"; };
		57A3457922D2BB970070898F /* SchedulePage.swift */ = {isa = PBXFileReference; lastKnownFileType = sourcecode.swift; path = SchedulePage.swift; sourceTree = "<group>"; };
		57A3457B22D2BBB90070898F /* StorePage.swift */ = {isa = PBXFileReference; lastKnownFileType = sourcecode.swift; path = StorePage.swift; sourceTree = "<group>"; };
		57AFA1AF22F77F5100C2988C /* VerifyUser.swift */ = {isa = PBXFileReference; lastKnownFileType = sourcecode.swift; path = VerifyUser.swift; sourceTree = "<group>"; };
		57AFFD642300FAF000B6CD7B /* VerifyCounselor.swift */ = {isa = PBXFileReference; fileEncoding = 4; lastKnownFileType = sourcecode.swift; path = VerifyCounselor.swift; sourceTree = "<group>"; };
		57B57CE923B9673400841442 /* FirebaseFunctions.swift */ = {isa = PBXFileReference; lastKnownFileType = sourcecode.swift; path = FirebaseFunctions.swift; sourceTree = "<group>"; };
		57B7FCA423064A0200D97E3A /* AccountSettings.swift */ = {isa = PBXFileReference; lastKnownFileType = sourcecode.swift; path = AccountSettings.swift; sourceTree = "<group>"; };
		57CB68582306ECAC00570D86 /* UserNavigationController.swift */ = {isa = PBXFileReference; lastKnownFileType = sourcecode.swift; path = UserNavigationController.swift; sourceTree = "<group>"; };
		57DE34E123B2D19A00221F53 /* CustomUI.swift */ = {isa = PBXFileReference; lastKnownFileType = sourcecode.swift; path = CustomUI.swift; sourceTree = "<group>"; };
		57E226F623B5428E007DF227 /* OneMoreStep.swift */ = {isa = PBXFileReference; lastKnownFileType = sourcecode.swift; path = OneMoreStep.swift; sourceTree = "<group>"; };
		57E226FC23B84F8A007DF227 /* FirebaseUser.swift */ = {isa = PBXFileReference; lastKnownFileType = sourcecode.swift; path = FirebaseUser.swift; sourceTree = "<group>"; };
		57ED6A2E22D578A200E3A362 /* FAQPage.swift */ = {isa = PBXFileReference; lastKnownFileType = sourcecode.swift; path = FAQPage.swift; sourceTree = "<group>"; };
		DEF63791B26DFB42FF56342B /* Pods_Capital_Cycle.framework */ = {isa = PBXFileReference; explicitFileType = wrapper.framework; includeInIndex = 0; path = Pods_Capital_Cycle.framework; sourceTree = BUILT_PRODUCTS_DIR; };
/* End PBXFileReference section */

/* Begin PBXFrameworksBuildPhase section */
		57A3455122D2AA080070898F /* Frameworks */ = {
			isa = PBXFrameworksBuildPhase;
			buildActionMask = 2147483647;
			files = (
				579F1A2423BBD32F003115FD /* AuthenticationServices.framework in Frameworks */,
				587C376EC4CB7518541634C2 /* Pods_Capital_Cycle.framework in Frameworks */,
			);
			runOnlyForDeploymentPostprocessing = 0;
		};
/* End PBXFrameworksBuildPhase section */

/* Begin PBXGroup section */
		45667D88ED611215D1658AE6 /* Frameworks */ = {
			isa = PBXGroup;
			children = (
				579F1A2323BBD32F003115FD /* AuthenticationServices.framework */,
				DEF63791B26DFB42FF56342B /* Pods_Capital_Cycle.framework */,
			);
			name = Frameworks;
			sourceTree = "<group>";
		};
		578AF9E122D4288F007B42A9 /* Core Data */ = {
			isa = PBXGroup;
			children = (
				578AF9E222D428AF007B42A9 /* Capital_Cycle.xcdatamodeld */,
			);
			path = "Core Data";
			sourceTree = "<group>";
		};
		57A3454B22D2AA080070898F = {
			isa = PBXGroup;
			children = (
				57A3455622D2AA080070898F /* Capital Cycle */,
				57A3455522D2AA080070898F /* Products */,
				E3F1B6A89D5A36CE63ABCD1D /* Pods */,
				45667D88ED611215D1658AE6 /* Frameworks */,
			);
			sourceTree = "<group>";
		};
		57A3455522D2AA080070898F /* Products */ = {
			isa = PBXGroup;
			children = (
				57A3455422D2AA080070898F /* Capital Cycle.app */,
			);
			name = Products;
			sourceTree = "<group>";
		};
		57A3455622D2AA080070898F /* Capital Cycle */ = {
			isa = PBXGroup;
			children = (
				578AF9E122D4288F007B42A9 /* Core Data */,
				57A3456B22D2AA4C0070898F /* Resources */,
				57A3456C22D2AA750070898F /* Model */,
				57A3456D22D2AA7C0070898F /* View */,
				57A3456E22D2AA810070898F /* Controller */,
			);
			path = "Capital Cycle";
			sourceTree = "<group>";
		};
		57A3456B22D2AA4C0070898F /* Resources */ = {
			isa = PBXGroup;
			children = (
				57A3455722D2AA080070898F /* AppDelegate.swift */,
				57A3455922D2AA080070898F /* SceneDelegate.swift */,
				57A3456022D2AA0B0070898F /* Assets.xcassets */,
				57A3456522D2AA0B0070898F /* Info.plist */,
				579F1A2123BBB3FB003115FD /* GoogleService-Info.plist */,
				573839E0239DDDB4006AB022 /* Capital Cycle.entitlements */,
			);
			path = Resources;
			sourceTree = "<group>";
		};
		57A3456C22D2AA750070898F /* Model */ = {
			isa = PBXGroup;
			children = (
				578AF9DB22D41F2E007B42A9 /* Product.swift */,
				578AF9DD22D41FA0007B42A9 /* ProductData.swift */,
				5795C62322EA6CC200A0A171 /* TestForConnection.swift */,
				57E226FC23B84F8A007DF227 /* FirebaseUser.swift */,
				57B57CE923B9673400841442 /* FirebaseFunctions.swift */,
				579F1A2723BC2666003115FD /* ViewFunctions.swift */,
			);
			path = Model;
			sourceTree = "<group>";
		};
		57A3456D22D2AA7C0070898F /* View */ = {
			isa = PBXGroup;
			children = (
				578AF9DF22D4201E007B42A9 /* ProductCell.swift */,
				57DE34E123B2D19A00221F53 /* CustomUI.swift */,
				57A3455D22D2AA080070898F /* Main.storyboard */,
				57A3456222D2AA0B0070898F /* LaunchScreen.storyboard */,
			);
			path = View;
			sourceTree = "<group>";
		};
		57A3456E22D2AA810070898F /* Controller */ = {
			isa = PBXGroup;
			children = (
				5700629822E3BB400032EFAB /* LogIn.swift */,
				5700629A22E3BB590032EFAB /* SignUp.swift */,
				57E226F623B5428E007DF227 /* OneMoreStep.swift */,
				57CB68582306ECAC00570D86 /* UserNavigationController.swift */,
				57AFA1AF22F77F5100C2988C /* VerifyUser.swift */,
				57AFFD642300FAF000B6CD7B /* VerifyCounselor.swift */,
				57A3457322D2AEBD0070898F /* PageVC.swift */,
				57A3457722D2BB5B0070898F /* OverviewPage.swift */,
				57A3457922D2BB970070898F /* SchedulePage.swift */,
				57A3457B22D2BBB90070898F /* StorePage.swift */,
				57ED6A2E22D578A200E3A362 /* FAQPage.swift */,
				576FCFB222E4B82F00C346E4 /* CamperInfoPage.swift */,
				571C2F3E22E41CB6001D4438 /* GeneralSettings.swift */,
				57B7FCA423064A0200D97E3A /* AccountSettings.swift */,
			);
			path = Controller;
			sourceTree = "<group>";
		};
		E3F1B6A89D5A36CE63ABCD1D /* Pods */ = {
			isa = PBXGroup;
			children = (
				3ED851B8F1F29AADABBA5620 /* Pods-Capital Cycle.debug.xcconfig */,
				0B759B91042E916978C852B7 /* Pods-Capital Cycle.release.xcconfig */,
			);
			path = Pods;
			sourceTree = "<group>";
		};
/* End PBXGroup section */

/* Begin PBXNativeTarget section */
		57A3455322D2AA080070898F /* Capital Cycle */ = {
			isa = PBXNativeTarget;
			buildConfigurationList = 57A3456822D2AA0B0070898F /* Build configuration list for PBXNativeTarget "Capital Cycle" */;
			buildPhases = (
				DAAE7F0DA20713180A4A04D2 /* [CP] Check Pods Manifest.lock */,
				57A3455022D2AA080070898F /* Sources */,
				57A3455122D2AA080070898F /* Frameworks */,
				57A3455222D2AA080070898F /* Resources */,
				BD420C78F0B853F6DFC67954 /* [CP] Embed Pods Frameworks */,
			);
			buildRules = (
			);
			dependencies = (
			);
			name = "Capital Cycle";
			productName = "Capital Cycle";
			productReference = 57A3455422D2AA080070898F /* Capital Cycle.app */;
			productType = "com.apple.product-type.application";
		};
/* End PBXNativeTarget section */

/* Begin PBXProject section */
		57A3454C22D2AA080070898F /* Project object */ = {
			isa = PBXProject;
			attributes = {
				LastSwiftUpdateCheck = 1100;
				LastUpgradeCheck = 1100;
				ORGANIZATIONNAME = "Caden Kowalski";
				TargetAttributes = {
					57A3455322D2AA080070898F = {
						CreatedOnToolsVersion = 11.0;
					};
				};
			};
			buildConfigurationList = 57A3454F22D2AA080070898F /* Build configuration list for PBXProject "Capital Cycle" */;
			compatibilityVersion = "Xcode 9.3";
			developmentRegion = en;
			hasScannedForEncodings = 0;
			knownRegions = (
				en,
				Base,
			);
			mainGroup = 57A3454B22D2AA080070898F;
			productRefGroup = 57A3455522D2AA080070898F /* Products */;
			projectDirPath = "";
			projectRoot = "";
			targets = (
				57A3455322D2AA080070898F /* Capital Cycle */,
			);
		};
/* End PBXProject section */

/* Begin PBXResourcesBuildPhase section */
		57A3455222D2AA080070898F /* Resources */ = {
			isa = PBXResourcesBuildPhase;
			buildActionMask = 2147483647;
			files = (
				57A3456422D2AA0B0070898F /* LaunchScreen.storyboard in Resources */,
				579F1A2223BBB3FB003115FD /* GoogleService-Info.plist in Resources */,
				57A3455F22D2AA080070898F /* Main.storyboard in Resources */,
				57A3456122D2AA0B0070898F /* Assets.xcassets in Resources */,
			);
			runOnlyForDeploymentPostprocessing = 0;
		};
/* End PBXResourcesBuildPhase section */

/* Begin PBXShellScriptBuildPhase section */
		BD420C78F0B853F6DFC67954 /* [CP] Embed Pods Frameworks */ = {
			isa = PBXShellScriptBuildPhase;
			buildActionMask = 2147483647;
			files = (
			);
			inputFileListPaths = (
				"${PODS_ROOT}/Target Support Files/Pods-Capital Cycle/Pods-Capital Cycle-frameworks-${CONFIGURATION}-input-files.xcfilelist",
			);
			name = "[CP] Embed Pods Frameworks";
			outputFileListPaths = (
				"${PODS_ROOT}/Target Support Files/Pods-Capital Cycle/Pods-Capital Cycle-frameworks-${CONFIGURATION}-output-files.xcfilelist",
			);
			runOnlyForDeploymentPostprocessing = 0;
			shellPath = /bin/sh;
			shellScript = "\"${PODS_ROOT}/Target Support Files/Pods-Capital Cycle/Pods-Capital Cycle-frameworks.sh\"\n";
			showEnvVarsInLog = 0;
		};
		DAAE7F0DA20713180A4A04D2 /* [CP] Check Pods Manifest.lock */ = {
			isa = PBXShellScriptBuildPhase;
			buildActionMask = 2147483647;
			files = (
			);
			inputFileListPaths = (
			);
			inputPaths = (
				"${PODS_PODFILE_DIR_PATH}/Podfile.lock",
				"${PODS_ROOT}/Manifest.lock",
			);
			name = "[CP] Check Pods Manifest.lock";
			outputFileListPaths = (
			);
			outputPaths = (
				"$(DERIVED_FILE_DIR)/Pods-Capital Cycle-checkManifestLockResult.txt",
			);
			runOnlyForDeploymentPostprocessing = 0;
			shellPath = /bin/sh;
			shellScript = "diff \"${PODS_PODFILE_DIR_PATH}/Podfile.lock\" \"${PODS_ROOT}/Manifest.lock\" > /dev/null\nif [ $? != 0 ] ; then\n    # print error to STDERR\n    echo \"error: The sandbox is not in sync with the Podfile.lock. Run 'pod install' or update your CocoaPods installation.\" >&2\n    exit 1\nfi\n# This output is used by Xcode 'outputs' to avoid re-running this script phase.\necho \"SUCCESS\" > \"${SCRIPT_OUTPUT_FILE_0}\"\n";
			showEnvVarsInLog = 0;
		};
/* End PBXShellScriptBuildPhase section */

/* Begin PBXSourcesBuildPhase section */
		57A3455022D2AA080070898F /* Sources */ = {
			isa = PBXSourcesBuildPhase;
			buildActionMask = 2147483647;
			files = (
				57A3457822D2BB5B0070898F /* OverviewPage.swift in Sources */,
				578AF9E022D4201E007B42A9 /* ProductCell.swift in Sources */,
				578AF9DE22D41FA0007B42A9 /* ProductData.swift in Sources */,
				57B57CEA23B9673400841442 /* FirebaseFunctions.swift in Sources */,
				571C2F3F22E41CB6001D4438 /* GeneralSettings.swift in Sources */,
				57ED6A2F22D578A200E3A362 /* FAQPage.swift in Sources */,
				578AF9DC22D41F2E007B42A9 /* Product.swift in Sources */,
				57A3457422D2AEBD0070898F /* PageVC.swift in Sources */,
				57A3457A22D2BB970070898F /* SchedulePage.swift in Sources */,
				57AFA1B022F77F5100C2988C /* VerifyUser.swift in Sources */,
				57DE34E223B2D19A00221F53 /* CustomUI.swift in Sources */,
				5700629922E3BB400032EFAB /* LogIn.swift in Sources */,
				57AFFD652300FAF000B6CD7B /* VerifyCounselor.swift in Sources */,
				57A3455822D2AA080070898F /* AppDelegate.swift in Sources */,
				57A3455A22D2AA080070898F /* SceneDelegate.swift in Sources */,
				576FCFB322E4B82F00C346E4 /* CamperInfoPage.swift in Sources */,
				5700629B22E3BB590032EFAB /* SignUp.swift in Sources */,
				57E226F723B5428E007DF227 /* OneMoreStep.swift in Sources */,
				5795C62422EA6CC200A0A171 /* TestForConnection.swift in Sources */,
				57E226FD23B84F8A007DF227 /* FirebaseUser.swift in Sources */,
				57A3457C22D2BBB90070898F /* StorePage.swift in Sources */,
				579F1A2823BC2666003115FD /* ViewFunctions.swift in Sources */,
				57B7FCA523064A0200D97E3A /* AccountSettings.swift in Sources */,
				57CB68592306ECAC00570D86 /* UserNavigationController.swift in Sources */,
				578AF9E422D428AF007B42A9 /* Capital_Cycle.xcdatamodeld in Sources */,
			);
			runOnlyForDeploymentPostprocessing = 0;
		};
/* End PBXSourcesBuildPhase section */

/* Begin PBXVariantGroup section */
		57A3455D22D2AA080070898F /* Main.storyboard */ = {
			isa = PBXVariantGroup;
			children = (
				57A3455E22D2AA080070898F /* Base */,
			);
			name = Main.storyboard;
			sourceTree = "<group>";
		};
		57A3456222D2AA0B0070898F /* LaunchScreen.storyboard */ = {
			isa = PBXVariantGroup;
			children = (
				57A3456322D2AA0B0070898F /* Base */,
			);
			name = LaunchScreen.storyboard;
			sourceTree = "<group>";
		};
/* End PBXVariantGroup section */

/* Begin XCBuildConfiguration section */
		57A3456622D2AA0B0070898F /* Debug */ = {
			isa = XCBuildConfiguration;
			buildSettings = {
				ALWAYS_SEARCH_USER_PATHS = NO;
				CLANG_ANALYZER_NONNULL = YES;
				CLANG_ANALYZER_NUMBER_OBJECT_CONVERSION = YES_AGGRESSIVE;
				CLANG_CXX_LANGUAGE_STANDARD = "gnu++14";
				CLANG_CXX_LIBRARY = "libc++";
				CLANG_ENABLE_MODULES = YES;
				CLANG_ENABLE_OBJC_ARC = YES;
				CLANG_ENABLE_OBJC_WEAK = YES;
				CLANG_WARN_BLOCK_CAPTURE_AUTORELEASING = YES;
				CLANG_WARN_BOOL_CONVERSION = YES;
				CLANG_WARN_COMMA = YES;
				CLANG_WARN_CONSTANT_CONVERSION = YES;
				CLANG_WARN_DEPRECATED_OBJC_IMPLEMENTATIONS = YES;
				CLANG_WARN_DIRECT_OBJC_ISA_USAGE = YES_ERROR;
				CLANG_WARN_DOCUMENTATION_COMMENTS = YES;
				CLANG_WARN_EMPTY_BODY = YES;
				CLANG_WARN_ENUM_CONVERSION = YES;
				CLANG_WARN_INFINITE_RECURSION = YES;
				CLANG_WARN_INT_CONVERSION = YES;
				CLANG_WARN_NON_LITERAL_NULL_CONVERSION = YES;
				CLANG_WARN_OBJC_IMPLICIT_RETAIN_SELF = YES;
				CLANG_WARN_OBJC_LITERAL_CONVERSION = YES;
				CLANG_WARN_OBJC_ROOT_CLASS = YES_ERROR;
				CLANG_WARN_RANGE_LOOP_ANALYSIS = YES;
				CLANG_WARN_STRICT_PROTOTYPES = YES;
				CLANG_WARN_SUSPICIOUS_MOVE = YES;
				CLANG_WARN_UNGUARDED_AVAILABILITY = YES_AGGRESSIVE;
				CLANG_WARN_UNREACHABLE_CODE = YES;
				CLANG_WARN__DUPLICATE_METHOD_MATCH = YES;
				COPY_PHASE_STRIP = NO;
				DEBUG_INFORMATION_FORMAT = dwarf;
				ENABLE_STRICT_OBJC_MSGSEND = YES;
				ENABLE_TESTABILITY = YES;
				GCC_C_LANGUAGE_STANDARD = gnu11;
				GCC_DYNAMIC_NO_PIC = NO;
				GCC_NO_COMMON_BLOCKS = YES;
				GCC_OPTIMIZATION_LEVEL = 0;
				GCC_PREPROCESSOR_DEFINITIONS = (
					"DEBUG=1",
					"$(inherited)",
				);
				GCC_WARN_64_TO_32_BIT_CONVERSION = YES;
				GCC_WARN_ABOUT_RETURN_TYPE = YES_ERROR;
				GCC_WARN_UNDECLARED_SELECTOR = YES;
				GCC_WARN_UNINITIALIZED_AUTOS = YES_AGGRESSIVE;
				GCC_WARN_UNUSED_FUNCTION = YES;
				GCC_WARN_UNUSED_VARIABLE = YES;
				IPHONEOS_DEPLOYMENT_TARGET = 13.0;
				MTL_ENABLE_DEBUG_INFO = INCLUDE_SOURCE;
				MTL_FAST_MATH = YES;
				ONLY_ACTIVE_ARCH = YES;
				SDKROOT = iphoneos;
				SWIFT_ACTIVE_COMPILATION_CONDITIONS = DEBUG;
				SWIFT_OPTIMIZATION_LEVEL = "-Onone";
			};
			name = Debug;
		};
		57A3456722D2AA0B0070898F /* Release */ = {
			isa = XCBuildConfiguration;
			buildSettings = {
				ALWAYS_SEARCH_USER_PATHS = NO;
				CLANG_ANALYZER_NONNULL = YES;
				CLANG_ANALYZER_NUMBER_OBJECT_CONVERSION = YES_AGGRESSIVE;
				CLANG_CXX_LANGUAGE_STANDARD = "gnu++14";
				CLANG_CXX_LIBRARY = "libc++";
				CLANG_ENABLE_MODULES = YES;
				CLANG_ENABLE_OBJC_ARC = YES;
				CLANG_ENABLE_OBJC_WEAK = YES;
				CLANG_WARN_BLOCK_CAPTURE_AUTORELEASING = YES;
				CLANG_WARN_BOOL_CONVERSION = YES;
				CLANG_WARN_COMMA = YES;
				CLANG_WARN_CONSTANT_CONVERSION = YES;
				CLANG_WARN_DEPRECATED_OBJC_IMPLEMENTATIONS = YES;
				CLANG_WARN_DIRECT_OBJC_ISA_USAGE = YES_ERROR;
				CLANG_WARN_DOCUMENTATION_COMMENTS = YES;
				CLANG_WARN_EMPTY_BODY = YES;
				CLANG_WARN_ENUM_CONVERSION = YES;
				CLANG_WARN_INFINITE_RECURSION = YES;
				CLANG_WARN_INT_CONVERSION = YES;
				CLANG_WARN_NON_LITERAL_NULL_CONVERSION = YES;
				CLANG_WARN_OBJC_IMPLICIT_RETAIN_SELF = YES;
				CLANG_WARN_OBJC_LITERAL_CONVERSION = YES;
				CLANG_WARN_OBJC_ROOT_CLASS = YES_ERROR;
				CLANG_WARN_RANGE_LOOP_ANALYSIS = YES;
				CLANG_WARN_STRICT_PROTOTYPES = YES;
				CLANG_WARN_SUSPICIOUS_MOVE = YES;
				CLANG_WARN_UNGUARDED_AVAILABILITY = YES_AGGRESSIVE;
				CLANG_WARN_UNREACHABLE_CODE = YES;
				CLANG_WARN__DUPLICATE_METHOD_MATCH = YES;
				COPY_PHASE_STRIP = NO;
				DEBUG_INFORMATION_FORMAT = "dwarf-with-dsym";
				ENABLE_NS_ASSERTIONS = NO;
				ENABLE_STRICT_OBJC_MSGSEND = YES;
				GCC_C_LANGUAGE_STANDARD = gnu11;
				GCC_NO_COMMON_BLOCKS = YES;
				GCC_WARN_64_TO_32_BIT_CONVERSION = YES;
				GCC_WARN_ABOUT_RETURN_TYPE = YES_ERROR;
				GCC_WARN_UNDECLARED_SELECTOR = YES;
				GCC_WARN_UNINITIALIZED_AUTOS = YES_AGGRESSIVE;
				GCC_WARN_UNUSED_FUNCTION = YES;
				GCC_WARN_UNUSED_VARIABLE = YES;
				IPHONEOS_DEPLOYMENT_TARGET = 13.0;
				MTL_ENABLE_DEBUG_INFO = NO;
				MTL_FAST_MATH = YES;
				SDKROOT = iphoneos;
				SWIFT_COMPILATION_MODE = wholemodule;
				SWIFT_OPTIMIZATION_LEVEL = "-O";
				VALIDATE_PRODUCT = YES;
			};
			name = Release;
		};
		57A3456922D2AA0B0070898F /* Debug */ = {
			isa = XCBuildConfiguration;
			baseConfigurationReference = 3ED851B8F1F29AADABBA5620 /* Pods-Capital Cycle.debug.xcconfig */;
			buildSettings = {
				ASSETCATALOG_COMPILER_APPICON_NAME = AppIcon;
				CODE_SIGN_ENTITLEMENTS = "Capital Cycle//Resources/Capital Cycle.entitlements";
				CODE_SIGN_STYLE = Automatic;
				DEVELOPMENT_TEAM = 7ZA9Y8B6FF;
				INFOPLIST_FILE = "Capital Cycle/Info.plist";
				IPHONEOS_DEPLOYMENT_TARGET = 13.0;
				LD_RUNPATH_SEARCH_PATHS = (
					"$(inherited)",
					"@executable_path/Frameworks",
				);
				PRODUCT_BUNDLE_IDENTIFIER = "com.cadenkowalski.Capital-Cycle";
				PRODUCT_NAME = "$(TARGET_NAME)";
				SWIFT_OBJC_BRIDGING_HEADER = "";
				SWIFT_VERSION = 5.0;
				TARGETED_DEVICE_FAMILY = 1;
			};
			name = Debug;
		};
		57A3456A22D2AA0B0070898F /* Release */ = {
			isa = XCBuildConfiguration;
			baseConfigurationReference = 0B759B91042E916978C852B7 /* Pods-Capital Cycle.release.xcconfig */;
			buildSettings = {
				ASSETCATALOG_COMPILER_APPICON_NAME = AppIcon;
				CODE_SIGN_ENTITLEMENTS = "Capital Cycle//Resources/Capital Cycle.entitlements";
				CODE_SIGN_STYLE = Automatic;
				DEVELOPMENT_TEAM = 7ZA9Y8B6FF;
				INFOPLIST_FILE = "Capital Cycle/Info.plist";
				IPHONEOS_DEPLOYMENT_TARGET = 13.0;
				LD_RUNPATH_SEARCH_PATHS = (
					"$(inherited)",
					"@executable_path/Frameworks",
				);
				PRODUCT_BUNDLE_IDENTIFIER = "com.cadenkowalski.Capital-Cycle";
				PRODUCT_NAME = "$(TARGET_NAME)";
				SWIFT_OBJC_BRIDGING_HEADER = "";
				SWIFT_VERSION = 5.0;
				TARGETED_DEVICE_FAMILY = 1;
			};
			name = Release;
		};
/* End XCBuildConfiguration section */

/* Begin XCConfigurationList section */
		57A3454F22D2AA080070898F /* Build configuration list for PBXProject "Capital Cycle" */ = {
			isa = XCConfigurationList;
			buildConfigurations = (
				57A3456622D2AA0B0070898F /* Debug */,
				57A3456722D2AA0B0070898F /* Release */,
			);
			defaultConfigurationIsVisible = 0;
			defaultConfigurationName = Release;
		};
		57A3456822D2AA0B0070898F /* Build configuration list for PBXNativeTarget "Capital Cycle" */ = {
			isa = XCConfigurationList;
			buildConfigurations = (
				57A3456922D2AA0B0070898F /* Debug */,
				57A3456A22D2AA0B0070898F /* Release */,
			);
			defaultConfigurationIsVisible = 0;
			defaultConfigurationName = Release;
		};
/* End XCConfigurationList section */

/* Begin XCVersionGroup section */
		578AF9E222D428AF007B42A9 /* Capital_Cycle.xcdatamodeld */ = {
			isa = XCVersionGroup;
			children = (
				578AF9E322D428AF007B42A9 /* Capital_Cycle.xcdatamodel */,
			);
			currentVersion = 578AF9E322D428AF007B42A9 /* Capital_Cycle.xcdatamodel */;
			path = Capital_Cycle.xcdatamodeld;
			sourceTree = "<group>";
			versionGroupType = wrapper.xcdatamodel;
		};
/* End XCVersionGroup section */
	};
	rootObject = 57A3454C22D2AA080070898F /* Project object */;
}
